
Microsoft Visual Studio Solution File, Format Version 12.00
# Visual Studio Version 17
VisualStudioVersion = 17.13.35825.156
MinimumVisualStudioVersion = 10.0.40219.1
Project("{FAE04EC0-301F-11D3-BF4B-00C04F79EFBC}") = "KutuphaneP", "KutuphaneP\KutuphaneP.csproj", "{DE7F695D-2FFD-474E-B155-E946C1465489}"
EndProject
Global
	GlobalSection(SolutionConfigurationPlatforms) = preSolution
		Debug|Any CPU = Debug|Any CPU
		Release|Any CPU = Release|Any CPU
	EndGlobalSection
	GlobalSection(ProjectConfigurationPlatforms) = postSolution
		{DE7F695D-2FFD-474E-B155-E946C1465489}.Debug|Any CPU.ActiveCfg = Debug|Any CPU
		{DE7F695D-2FFD-474E-B155-E946C1465489}.Debug|Any CPU.Build.0 = Debug|Any CPU
		{DE7F695D-2FFD-474E-B155-E946C1465489}.Release|Any CPU.ActiveCfg = Release|Any CPU
		{DE7F695D-2FFD-474E-B155-E946C1465489}.Release|Any CPU.Build.0 = Release|Any CPU
	EndGlobalSection
	GlobalSection(SolutionProperties) = preSolution
		HideSolutionNode = FALSE
	EndGlobalSection
	GlobalSection(ExtensibilityGlobals) = postSolution
		SolutionGuid = {8A0DF617-A1F8-4A49-BDFA-17814CF38E79}
	EndGlobalSection
EndGlobal
